
Microsoft Visual Studio Solution File, Format Version 12.00
# Visual Studio Version 17
VisualStudioVersion = 17.8.34330.188
MinimumVisualStudioVersion = 10.0.40219.1
Project("{FAE04EC0-301F-11D3-BF4B-00C04F79EFBC}") = "ProductService", "ProductService\ProductService.csproj", "{6351CAE5-5CDD-4FCA-AC42-FF6FCEE222E9}"
EndProject
Global
	GlobalSection(SolutionConfigurationPlatforms) = preSolution
		Debug|Any CPU = Debug|Any CPU
		Release|Any CPU = Release|Any CPU
	EndGlobalSection
	GlobalSection(ProjectConfigurationPlatforms) = postSolution
		{6351CAE5-5CDD-4FCA-AC42-FF6FCEE222E9}.Debug|Any CPU.ActiveCfg = Debug|Any CPU
		{6351CAE5-5CDD-4FCA-AC42-FF6FCEE222E9}.Debug|Any CPU.Build.0 = Debug|Any CPU
		{6351CAE5-5CDD-4FCA-AC42-FF6FCEE222E9}.Release|Any CPU.ActiveCfg = Release|Any CPU
		{6351CAE5-5CDD-4FCA-AC42-FF6FCEE222E9}.Release|Any CPU.Build.0 = Release|Any CPU
	EndGlobalSection
	GlobalSection(SolutionProperties) = preSolution
		HideSolutionNode = FALSE
	EndGlobalSection
	GlobalSection(ExtensibilityGlobals) = postSolution
		SolutionGuid = {1E9AE6A1-E82A-407C-881C-F3622C3D3559}
	EndGlobalSection
EndGlobal
